// !$*UTF8*$!
{
	archiveVersion = 1;
	classes = {
	};
	objectVersion = 50;
	objects = {

/* Begin PBXBuildFile section */
		1C17378C213DE79900B083F4 /* ConfigViewController.swift in Sources */ = {isa = PBXBuildFile; fileRef = 1C17378B213DE79900B083F4 /* ConfigViewController.swift */; };
		1C17378F213DE87900B083F4 /* PensamentosViewController.swift in Sources */ = {isa = PBXBuildFile; fileRef = 1C17378E213DE87900B083F4 /* PensamentosViewController.swift */; };
		1C173793213DF12F00B083F4 /* Pensamento.swift in Sources */ = {isa = PBXBuildFile; fileRef = 1C173792213DF12F00B083F4 /* Pensamento.swift */; };
		1C173795213DF15900B083F4 /* Configuration.swift in Sources */ = {isa = PBXBuildFile; fileRef = 1C173794213DF15900B083F4 /* Configuration.swift */; };
		1C173797213DF18A00B083F4 /* PensamentoManager.swift in Sources */ = {isa = PBXBuildFile; fileRef = 1C173796213DF18A00B083F4 /* PensamentoManager.swift */; };
		1C4C0F8F2149CAC800EE0169 /* Settings.bundle in Resources */ = {isa = PBXBuildFile; fileRef = 1C4C0F8E2149CAC800EE0169 /* Settings.bundle */; };
		1CA71D2D21388A9A000D4D96 /* AppDelegate.swift in Sources */ = {isa = PBXBuildFile; fileRef = 1CA71D2C21388A9A000D4D96 /* AppDelegate.swift */; };
		1CA71D3221388A9A000D4D96 /* Main.storyboard in Resources */ = {isa = PBXBuildFile; fileRef = 1CA71D3021388A9A000D4D96 /* Main.storyboard */; };
		1CA71D3421388A9B000D4D96 /* Assets.xcassets in Resources */ = {isa = PBXBuildFile; fileRef = 1CA71D3321388A9B000D4D96 /* Assets.xcassets */; };
		1CA71D3721388A9B000D4D96 /* LaunchScreen.storyboard in Resources */ = {isa = PBXBuildFile; fileRef = 1CA71D3521388A9B000D4D96 /* LaunchScreen.storyboard */; };
		1CA71D4021388B5F000D4D96 /* Savoye LET.ttc in Resources */ = {isa = PBXBuildFile; fileRef = 1CA71D3E21388B5F000D4D96 /* Savoye LET.ttc */; };
		1CA71D4121388B5F000D4D96 /* quotes.json in Resources */ = {isa = PBXBuildFile; fileRef = 1CA71D3F21388B5F000D4D96 /* quotes.json */; };
/* End PBXBuildFile section */

/* Begin PBXFileReference section */
		1C17378B213DE79900B083F4 /* ConfigViewController.swift */ = {isa = PBXFileReference; lastKnownFileType = sourcecode.swift; path = ConfigViewController.swift; sourceTree = "<group>"; };
		1C17378E213DE87900B083F4 /* PensamentosViewController.swift */ = {isa = PBXFileReference; lastKnownFileType = sourcecode.swift; name = PensamentosViewController.swift; path = ../PensamentosViewController.swift; sourceTree = "<group>"; };
		1C173792213DF12F00B083F4 /* Pensamento.swift */ = {isa = PBXFileReference; lastKnownFileType = sourcecode.swift; path = Pensamento.swift; sourceTree = "<group>"; };
		1C173794213DF15900B083F4 /* Configuration.swift */ = {isa = PBXFileReference; lastKnownFileType = sourcecode.swift; path = Configuration.swift; sourceTree = "<group>"; };
		1C173796213DF18A00B083F4 /* PensamentoManager.swift */ = {isa = PBXFileReference; lastKnownFileType = sourcecode.swift; path = PensamentoManager.swift; sourceTree = "<group>"; };
		1C4C0F8E2149CAC800EE0169 /* Settings.bundle */ = {isa = PBXFileReference; lastKnownFileType = "wrapper.plug-in"; path = Settings.bundle; sourceTree = "<group>"; };
		1CA71D2921388A9A000D4D96 /* Pensamentos.app */ = {isa = PBXFileReference; explicitFileType = wrapper.application; includeInIndex = 0; path = Pensamentos.app; sourceTree = BUILT_PRODUCTS_DIR; };
		1CA71D2C21388A9A000D4D96 /* AppDelegate.swift */ = {isa = PBXFileReference; lastKnownFileType = sourcecode.swift; path = AppDelegate.swift; sourceTree = "<group>"; };
		1CA71D3121388A9A000D4D96 /* Base */ = {isa = PBXFileReference; lastKnownFileType = file.storyboard; name = Base; path = Base.lproj/Main.storyboard; sourceTree = "<group>"; };
		1CA71D3321388A9B000D4D96 /* Assets.xcassets */ = {isa = PBXFileReference; lastKnownFileType = folder.assetcatalog; path = Assets.xcassets; sourceTree = "<group>"; };
		1CA71D3621388A9B000D4D96 /* Base */ = {isa = PBXFileReference; lastKnownFileType = file.storyboard; name = Base; path = Base.lproj/LaunchScreen.storyboard; sourceTree = "<group>"; };
		1CA71D3821388A9B000D4D96 /* Info.plist */ = {isa = PBXFileReference; lastKnownFileType = text.plist.xml; path = Info.plist; sourceTree = "<group>"; };
		1CA71D3E21388B5F000D4D96 /* Savoye LET.ttc */ = {isa = PBXFileReference; lastKnownFileType = file; path = "Savoye LET.ttc"; sourceTree = "<group>"; };
		1CA71D3F21388B5F000D4D96 /* quotes.json */ = {isa = PBXFileReference; fileEncoding = 4; lastKnownFileType = text.json; path = quotes.json; sourceTree = "<group>"; };
/* End PBXFileReference section */

/* Begin PBXFrameworksBuildPhase section */
		1CA71D2621388A9A000D4D96 /* Frameworks */ = {
			isa = PBXFrameworksBuildPhase;
			buildActionMask = 2147483647;
			files = (
			);
			runOnlyForDeploymentPostprocessing = 0;
		};
/* End PBXFrameworksBuildPhase section */

/* Begin PBXGroup section */
		1C17378D213DE7A100B083F4 /* Controllers */ = {
			isa = PBXGroup;
			children = (
				1C17378E213DE87900B083F4 /* PensamentosViewController.swift */,
				1C17378B213DE79900B083F4 /* ConfigViewController.swift */,
			);
			path = Controllers;
			sourceTree = "<group>";
		};
		1C173790213DE8C600B083F4 /* Views */ = {
			isa = PBXGroup;
			children = (
				1CA71D3021388A9A000D4D96 /* Main.storyboard */,
				1CA71D3521388A9B000D4D96 /* LaunchScreen.storyboard */,
			);
			path = Views;
			sourceTree = "<group>";
		};
		1C173791213DF10800B083F4 /* Models */ = {
			isa = PBXGroup;
			children = (
				1C173792213DF12F00B083F4 /* Pensamento.swift */,
				1C173794213DF15900B083F4 /* Configuration.swift */,
				1C173796213DF18A00B083F4 /* PensamentoManager.swift */,
			);
			path = Models;
			sourceTree = "<group>";
		};
		1CA71D2021388A9A000D4D96 = {
			isa = PBXGroup;
			children = (
				1CA71D2B21388A9A000D4D96 /* Pensamentos */,
				1CA71D2A21388A9A000D4D96 /* Products */,
			);
			sourceTree = "<group>";
		};
		1CA71D2A21388A9A000D4D96 /* Products */ = {
			isa = PBXGroup;
			children = (
				1CA71D2921388A9A000D4D96 /* Pensamentos.app */,
			);
			name = Products;
			sourceTree = "<group>";
		};
		1CA71D2B21388A9A000D4D96 /* Pensamentos */ = {
			isa = PBXGroup;
			children = (
				1CA71D2C21388A9A000D4D96 /* AppDelegate.swift */,
				1CA71D4221388B66000D4D96 /* Files */,
				1C17378D213DE7A100B083F4 /* Controllers */,
				1C173790213DE8C600B083F4 /* Views */,
				1C173791213DF10800B083F4 /* Models */,
				1CA71D3821388A9B000D4D96 /* Info.plist */,
				1C4C0F8E2149CAC800EE0169 /* Settings.bundle */,
				1CA71D3321388A9B000D4D96 /* Assets.xcassets */,
			);
			path = Pensamentos;
			sourceTree = "<group>";
		};
		1CA71D4221388B66000D4D96 /* Files */ = {
			isa = PBXGroup;
			children = (
				1CA71D3E21388B5F000D4D96 /* Savoye LET.ttc */,
				1CA71D3F21388B5F000D4D96 /* quotes.json */,
			);
			path = Files;
			sourceTree = "<group>";
		};
/* End PBXGroup section */

/* Begin PBXNativeTarget section */
		1CA71D2821388A9A000D4D96 /* Pensamentos */ = {
			isa = PBXNativeTarget;
			buildConfigurationList = 1CA71D3B21388A9B000D4D96 /* Build configuration list for PBXNativeTarget "Pensamentos" */;
			buildPhases = (
				1CA71D2521388A9A000D4D96 /* Sources */,
				1CA71D2621388A9A000D4D96 /* Frameworks */,
				1CA71D2721388A9A000D4D96 /* Resources */,
			);
			buildRules = (
			);
			dependencies = (
			);
			name = Pensamentos;
			productName = Pensamentos;
			productReference = 1CA71D2921388A9A000D4D96 /* Pensamentos.app */;
			productType = "com.apple.product-type.application";
		};
/* End PBXNativeTarget section */

/* Begin PBXProject section */
		1CA71D2121388A9A000D4D96 /* Project object */ = {
			isa = PBXProject;
			attributes = {
				LastSwiftUpdateCheck = 0940;
				LastUpgradeCheck = 0940;
				ORGANIZATIONNAME = "Lucas Bitar";
				TargetAttributes = {
					1CA71D2821388A9A000D4D96 = {
						CreatedOnToolsVersion = 9.4.1;
					};
				};
			};
			buildConfigurationList = 1CA71D2421388A9A000D4D96 /* Build configuration list for PBXProject "Pensamentos" */;
			compatibilityVersion = "Xcode 9.3";
			developmentRegion = en;
			hasScannedForEncodings = 0;
			knownRegions = (
				en,
				Base,
			);
			mainGroup = 1CA71D2021388A9A000D4D96;
			productRefGroup = 1CA71D2A21388A9A000D4D96 /* Products */;
			projectDirPath = "";
			projectRoot = "";
			targets = (
				1CA71D2821388A9A000D4D96 /* Pensamentos */,
			);
		};
/* End PBXProject section */

/* Begin PBXResourcesBuildPhase section */
		1CA71D2721388A9A000D4D96 /* Resources */ = {
			isa = PBXResourcesBuildPhase;
			buildActionMask = 2147483647;
			files = (
				1CA71D3721388A9B000D4D96 /* LaunchScreen.storyboard in Resources */,
				1CA71D4121388B5F000D4D96 /* quotes.json in Resources */,
				1CA71D3421388A9B000D4D96 /* Assets.xcassets in Resources */,
				1CA71D3221388A9A000D4D96 /* Main.storyboard in Resources */,
				1C4C0F8F2149CAC800EE0169 /* Settings.bundle in Resources */,
				1CA71D4021388B5F000D4D96 /* Savoye LET.ttc in Resources */,
			);
			runOnlyForDeploymentPostprocessing = 0;
		};
/* End PBXResourcesBuildPhase section */

/* Begin PBXSourcesBuildPhase section */
		1CA71D2521388A9A000D4D96 /* Sources */ = {
			isa = PBXSourcesBuildPhase;
			buildActionMask = 2147483647;
			files = (
				1C17378C213DE79900B083F4 /* ConfigViewController.swift in Sources */,
				1C173797213DF18A00B083F4 /* PensamentoManager.swift in Sources */,
				1C173795213DF15900B083F4 /* Configuration.swift in Sources */,
				1C173793213DF12F00B083F4 /* Pensamento.swift in Sources */,
				1C17378F213DE87900B083F4 /* PensamentosViewController.swift in Sources */,
				1CA71D2D21388A9A000D4D96 /* AppDelegate.swift in Sources */,
			);
			runOnlyForDeploymentPostprocessing = 0;
		};
/* End PBXSourcesBuildPhase section */

/* Begin PBXVariantGroup section */
		1CA71D3021388A9A000D4D96 /* Main.storyboard */ = {
			isa = PBXVariantGroup;
			children = (
				1CA71D3121388A9A000D4D96 /* Base */,
			);
			name = Main.storyboard;
			sourceTree = "<group>";
		};
		1CA71D3521388A9B000D4D96 /* LaunchScreen.storyboard */ = {
			isa = PBXVariantGroup;
			children = (
				1CA71D3621388A9B000D4D96 /* Base */,
			);
			name = LaunchScreen.storyboard;
			sourceTree = "<group>";
		};
/* End PBXVariantGroup section */

/* Begin XCBuildConfiguration section */
		1CA71D3921388A9B000D4D96 /* Debug */ = {
			isa = XCBuildConfiguration;
			buildSettings = {
				ALWAYS_SEARCH_USER_PATHS = NO;
				CLANG_ANALYZER_NONNULL = YES;
				CLANG_ANALYZER_NUMBER_OBJECT_CONVERSION = YES_AGGRESSIVE;
				CLANG_CXX_LANGUAGE_STANDARD = "gnu++14";
				CLANG_CXX_LIBRARY = "libc++";
				CLANG_ENABLE_MODULES = YES;
				CLANG_ENABLE_OBJC_ARC = YES;
				CLANG_ENABLE_OBJC_WEAK = YES;
				CLANG_WARN_BLOCK_CAPTURE_AUTORELEASING = YES;
				CLANG_WARN_BOOL_CONVERSION = YES;
				CLANG_WARN_COMMA = YES;
				CLANG_WARN_CONSTANT_CONVERSION = YES;
				CLANG_WARN_DEPRECATED_OBJC_IMPLEMENTATIONS = YES;
				CLANG_WARN_DIRECT_OBJC_ISA_USAGE = YES_ERROR;
				CLANG_WARN_DOCUMENTATION_COMMENTS = YES;
				CLANG_WARN_EMPTY_BODY = YES;
				CLANG_WARN_ENUM_CONVERSION = YES;
				CLANG_WARN_INFINITE_RECURSION = YES;
				CLANG_WARN_INT_CONVERSION = YES;
				CLANG_WARN_NON_LITERAL_NULL_CONVERSION = YES;
				CLANG_WARN_OBJC_IMPLICIT_RETAIN_SELF = YES;
				CLANG_WARN_OBJC_LITERAL_CONVERSION = YES;
				CLANG_WARN_OBJC_ROOT_CLASS = YES_ERROR;
				CLANG_WARN_RANGE_LOOP_ANALYSIS = YES;
				CLANG_WARN_STRICT_PROTOTYPES = YES;
				CLANG_WARN_SUSPICIOUS_MOVE = YES;
				CLANG_WARN_UNGUARDED_AVAILABILITY = YES_AGGRESSIVE;
				CLANG_WARN_UNREACHABLE_CODE = YES;
				CLANG_WARN__DUPLICATE_METHOD_MATCH = YES;
				CODE_SIGN_IDENTITY = "iPhone Developer";
				COPY_PHASE_STRIP = NO;
				DEBUG_INFORMATION_FORMAT = dwarf;
				ENABLE_STRICT_OBJC_MSGSEND = YES;
				ENABLE_TESTABILITY = YES;
				GCC_C_LANGUAGE_STANDARD = gnu11;
				GCC_DYNAMIC_NO_PIC = NO;
				GCC_NO_COMMON_BLOCKS = YES;
				GCC_OPTIMIZATION_LEVEL = 0;
				GCC_PREPROCESSOR_DEFINITIONS = (
					"DEBUG=1",
					"$(inherited)",
				);
				GCC_WARN_64_TO_32_BIT_CONVERSION = YES;
				GCC_WARN_ABOUT_RETURN_TYPE = YES_ERROR;
				GCC_WARN_UNDECLARED_SELECTOR = YES;
				GCC_WARN_UNINITIALIZED_AUTOS = YES_AGGRESSIVE;
				GCC_WARN_UNUSED_FUNCTION = YES;
				GCC_WARN_UNUSED_VARIABLE = YES;
				IPHONEOS_DEPLOYMENT_TARGET = 11.4;
				MTL_ENABLE_DEBUG_INFO = YES;
				ONLY_ACTIVE_ARCH = YES;
				SDKROOT = iphoneos;
				SWIFT_ACTIVE_COMPILATION_CONDITIONS = DEBUG;
				SWIFT_OPTIMIZATION_LEVEL = "-Onone";
			};
			name = Debug;
		};
		1CA71D3A21388A9B000D4D96 /* Release */ = {
			isa = XCBuildConfiguration;
			buildSettings = {
				ALWAYS_SEARCH_USER_PATHS = NO;
				CLANG_ANALYZER_NONNULL = YES;
				CLANG_ANALYZER_NUMBER_OBJECT_CONVERSION = YES_AGGRESSIVE;
				CLANG_CXX_LANGUAGE_STANDARD = "gnu++14";
				CLANG_CXX_LIBRARY = "libc++";
				CLANG_ENABLE_MODULES = YES;
				CLANG_ENABLE_OBJC_ARC = YES;
				CLANG_ENABLE_OBJC_WEAK = YES;
				CLANG_WARN_BLOCK_CAPTURE_AUTORELEASING = YES;
				CLANG_WARN_BOOL_CONVERSION = YES;
				CLANG_WARN_COMMA = YES;
				CLANG_WARN_CONSTANT_CONVERSION = YES;
				CLANG_WARN_DEPRECATED_OBJC_IMPLEMENTATIONS = YES;
				CLANG_WARN_DIRECT_OBJC_ISA_USAGE = YES_ERROR;
				CLANG_WARN_DOCUMENTATION_COMMENTS = YES;
				CLANG_WARN_EMPTY_BODY = YES;
				CLANG_WARN_ENUM_CONVERSION = YES;
				CLANG_WARN_INFINITE_RECURSION = YES;
				CLANG_WARN_INT_CONVERSION = YES;
				CLANG_WARN_NON_LITERAL_NULL_CONVERSION = YES;
				CLANG_WARN_OBJC_IMPLICIT_RETAIN_SELF = YES;
				CLANG_WARN_OBJC_LITERAL_CONVERSION = YES;
				CLANG_WARN_OBJC_ROOT_CLASS = YES_ERROR;
				CLANG_WARN_RANGE_LOOP_ANALYSIS = YES;
				CLANG_WARN_STRICT_PROTOTYPES = YES;
				CLANG_WARN_SUSPICIOUS_MOVE = YES;
				CLANG_WARN_UNGUARDED_AVAILABILITY = YES_AGGRESSIVE;
				CLANG_WARN_UNREACHABLE_CODE = YES;
				CLANG_WARN__DUPLICATE_METHOD_MATCH = YES;
				CODE_SIGN_IDENTITY = "iPhone Developer";
				COPY_PHASE_STRIP = NO;
				DEBUG_INFORMATION_FORMAT = "dwarf-with-dsym";
				ENABLE_NS_ASSERTIONS = NO;
				ENABLE_STRICT_OBJC_MSGSEND = YES;
				GCC_C_LANGUAGE_STANDARD = gnu11;
				GCC_NO_COMMON_BLOCKS = YES;
				GCC_WARN_64_TO_32_BIT_CONVERSION = YES;
				GCC_WARN_ABOUT_RETURN_TYPE = YES_ERROR;
				GCC_WARN_UNDECLARED_SELECTOR = YES;
				GCC_WARN_UNINITIALIZED_AUTOS = YES_AGGRESSIVE;
				GCC_WARN_UNUSED_FUNCTION = YES;
				GCC_WARN_UNUSED_VARIABLE = YES;
				IPHONEOS_DEPLOYMENT_TARGET = 11.4;
				MTL_ENABLE_DEBUG_INFO = NO;
				SDKROOT = iphoneos;
				SWIFT_COMPILATION_MODE = wholemodule;
				SWIFT_OPTIMIZATION_LEVEL = "-O";
				VALIDATE_PRODUCT = YES;
			};
			name = Release;
		};
		1CA71D3C21388A9B000D4D96 /* Debug */ = {
			isa = XCBuildConfiguration;
			buildSettings = {
				ASSETCATALOG_COMPILER_APPICON_NAME = AppIcon;
				CODE_SIGN_STYLE = Automatic;
				DEVELOPMENT_TEAM = 7KJ7UC428M;
				INFOPLIST_FILE = Pensamentos/Info.plist;
				LD_RUNPATH_SEARCH_PATHS = (
					"$(inherited)",
					"@executable_path/Frameworks",
				);
				PRODUCT_BUNDLE_IDENTIFIER = com.bitlucas.Pensamentos;
				PRODUCT_NAME = "$(TARGET_NAME)";
				SWIFT_VERSION = 4.0;
				TARGETED_DEVICE_FAMILY = 1;
			};
			name = Debug;
		};
		1CA71D3D21388A9B000D4D96 /* Release */ = {
			isa = XCBuildConfiguration;
			buildSettings = {
				ASSETCATALOG_COMPILER_APPICON_NAME = AppIcon;
				CODE_SIGN_STYLE = Automatic;
				DEVELOPMENT_TEAM = 7KJ7UC428M;
				INFOPLIST_FILE = Pensamentos/Info.plist;
				LD_RUNPATH_SEARCH_PATHS = (
					"$(inherited)",
					"@executable_path/Frameworks",
				);
				PRODUCT_BUNDLE_IDENTIFIER = com.bitlucas.Pensamentos;
				PRODUCT_NAME = "$(TARGET_NAME)";
				SWIFT_VERSION = 4.0;
				TARGETED_DEVICE_FAMILY = 1;
			};
			name = Release;
		};
/* End XCBuildConfiguration section */

/* Begin XCConfigurationList section */
		1CA71D2421388A9A000D4D96 /* Build configuration list for PBXProject "Pensamentos" */ = {
			isa = XCConfigurationList;
			buildConfigurations = (
				1CA71D3921388A9B000D4D96 /* Debug */,
				1CA71D3A21388A9B000D4D96 /* Release */,
			);
			defaultConfigurationIsVisible = 0;
			defaultConfigurationName = Release;
		};
		1CA71D3B21388A9B000D4D96 /* Build configuration list for PBXNativeTarget "Pensamentos" */ = {
			isa = XCConfigurationList;
			buildConfigurations = (
				1CA71D3C21388A9B000D4D96 /* Debug */,
				1CA71D3D21388A9B000D4D96 /* Release */,
			);
			defaultConfigurationIsVisible = 0;
			defaultConfigurationName = Release;
		};
/* End XCConfigurationList section */
	};
	rootObject = 1CA71D2121388A9A000D4D96 /* Project object */;
}
